{
  "object": {
    "pins": [
      {
        "package": "GXUtilz",
        "repositoryURL": "https://github.com/GARPIX-iOS/garpix_utils",
        "state": {
          "branch": "master",
          "revision": "f94af103a098d37130ca1bfffb5dccc2ef5f7af9",
          "version": null
        }
      },
      {
        "package": "GXBaseAPI",
        "repositoryURL": "https://github.com/WeDontNeedTo/GXBaseAPI",
        "state": {
          "branch": "master",
          "revision": "295faca672f1422cff61994244434c00820b9e97",
          "version": null
        }
      },
      {
        "package": "SDWebImage",
        "repositoryURL": "https://github.com/SDWebImage/SDWebImage.git",
        "state": {
          "branch": null,
          "revision": "a72df4849408da7e5d3c1b586797b7c601c41d1b",
          "version": "5.12.1"
        }
      },
      {
        "package": "SDWebImageSwiftUI",
        "repositoryURL": "https://github.com/SDWebImage/SDWebImageSwiftUI",
        "state": {
          "branch": "master",
          "revision": "336d3f6d3b53729c1f274bf6b75f4532ada116eb",
          "version": null
        }
      },
      {
        "package": "SnapKit",
        "repositoryURL": "https://github.com/SnapKit/SnapKit",
        "state": {
          "branch": null,
          "revision": "d458564516e5676af9c70b4f4b2a9178294f1bc6",
          "version": "5.0.1"
        }
      }
    ]
  },
  "version": 1
}
